// !$*UTF8*$!
{
	archiveVersion = 1;
	classes = {
	};
	objectVersion = 46;
	objects = {

/* Begin PBXBuildFile section */
		030F1DCC1D3C23F900FBCE05 /* PokedexController.swift in Sources */ = {isa = PBXBuildFile; fileRef = 030F1DCB1D3C23F900FBCE05 /* PokedexController.swift */; };
		030F1DD01D3C7CF800FBCE05 /* PokemonViewController.swift in Sources */ = {isa = PBXBuildFile; fileRef = 030F1DCF1D3C7CF800FBCE05 /* PokemonViewController.swift */; };
		030F1DDA1D3CC08300FBCE05 /* PokedexEntryCell.swift in Sources */ = {isa = PBXBuildFile; fileRef = 030F1DD91D3CC08300FBCE05 /* PokedexEntryCell.swift */; };
		030F1DDC1D3D36A100FBCE05 /* PokedexEntry.swift in Sources */ = {isa = PBXBuildFile; fileRef = 030F1DDB1D3D36A100FBCE05 /* PokedexEntry.swift */; };
		033CE1A11D3BAA3F00395A0B /* AppDelegate.swift in Sources */ = {isa = PBXBuildFile; fileRef = 033CE1A01D3BAA3F00395A0B /* AppDelegate.swift */; };
		033CE1A61D3BAA3F00395A0B /* Main.storyboard in Resources */ = {isa = PBXBuildFile; fileRef = 033CE1A41D3BAA3F00395A0B /* Main.storyboard */; };
		033CE1A81D3BAA3F00395A0B /* Assets.xcassets in Resources */ = {isa = PBXBuildFile; fileRef = 033CE1A71D3BAA3F00395A0B /* Assets.xcassets */; };
		033CE1AB1D3BAA3F00395A0B /* LaunchScreen.storyboard in Resources */ = {isa = PBXBuildFile; fileRef = 033CE1A91D3BAA3F00395A0B /* LaunchScreen.storyboard */; };
		033CE1B61D3BAA3F00395A0B /* PokeGearTests.swift in Sources */ = {isa = PBXBuildFile; fileRef = 033CE1B51D3BAA3F00395A0B /* PokeGearTests.swift */; };
		033CE1C11D3BAA3F00395A0B /* PokeGearUITests.swift in Sources */ = {isa = PBXBuildFile; fileRef = 033CE1C01D3BAA3F00395A0B /* PokeGearUITests.swift */; };
		033CE1CF1D3BB0F000395A0B /* CustomTabBarController.swift in Sources */ = {isa = PBXBuildFile; fileRef = 033CE1CE1D3BB0F000395A0B /* CustomTabBarController.swift */; };
		033CE1D11D3BB16E00395A0B /* MapViewController.swift in Sources */ = {isa = PBXBuildFile; fileRef = 033CE1D01D3BB16E00395A0B /* MapViewController.swift */; };
		03B11C651D3F24720097F60C /* Gif.swift in Sources */ = {isa = PBXBuildFile; fileRef = 03B11C641D3F24720097F60C /* Gif.swift */; };
		03B11C6B1D3FC4B00097F60C /* AutoCompleteTextField.swift in Sources */ = {isa = PBXBuildFile; fileRef = 03B11C6A1D3FC4B00097F60C /* AutoCompleteTextField.swift */; };
		03B11C6D1D3FCDF40097F60C /* pokemon.json in Resources */ = {isa = PBXBuildFile; fileRef = 03B11C6C1D3FCDF40097F60C /* pokemon.json */; };
/* End PBXBuildFile section */

/* Begin PBXContainerItemProxy section */
		033CE1B21D3BAA3F00395A0B /* PBXContainerItemProxy */ = {
			isa = PBXContainerItemProxy;
			containerPortal = 033CE1951D3BAA3E00395A0B /* Project object */;
			proxyType = 1;
			remoteGlobalIDString = 033CE19C1D3BAA3E00395A0B;
			remoteInfo = PokeGear;
		};
		033CE1BD1D3BAA3F00395A0B /* PBXContainerItemProxy */ = {
			isa = PBXContainerItemProxy;
			containerPortal = 033CE1951D3BAA3E00395A0B /* Project object */;
			proxyType = 1;
			remoteGlobalIDString = 033CE19C1D3BAA3E00395A0B;
			remoteInfo = PokeGear;
		};
/* End PBXContainerItemProxy section */

/* Begin PBXFileReference section */
		030F1DCB1D3C23F900FBCE05 /* PokedexController.swift */ = {isa = PBXFileReference; fileEncoding = 4; lastKnownFileType = sourcecode.swift; path = PokedexController.swift; sourceTree = "<group>"; };
		030F1DCF1D3C7CF800FBCE05 /* PokemonViewController.swift */ = {isa = PBXFileReference; fileEncoding = 4; lastKnownFileType = sourcecode.swift; path = PokemonViewController.swift; sourceTree = "<group>"; };
		030F1DD91D3CC08300FBCE05 /* PokedexEntryCell.swift */ = {isa = PBXFileReference; fileEncoding = 4; lastKnownFileType = sourcecode.swift; path = PokedexEntryCell.swift; sourceTree = "<group>"; };
		030F1DDB1D3D36A100FBCE05 /* PokedexEntry.swift */ = {isa = PBXFileReference; fileEncoding = 4; lastKnownFileType = sourcecode.swift; path = PokedexEntry.swift; sourceTree = "<group>"; };
		033CE19D1D3BAA3E00395A0B /* PokeGear.app */ = {isa = PBXFileReference; explicitFileType = wrapper.application; includeInIndex = 0; path = PokeGear.app; sourceTree = BUILT_PRODUCTS_DIR; };
		033CE1A01D3BAA3F00395A0B /* AppDelegate.swift */ = {isa = PBXFileReference; lastKnownFileType = sourcecode.swift; path = AppDelegate.swift; sourceTree = "<group>"; };
		033CE1A51D3BAA3F00395A0B /* Base */ = {isa = PBXFileReference; lastKnownFileType = file.storyboard; name = Base; path = Base.lproj/Main.storyboard; sourceTree = "<group>"; };
		033CE1A71D3BAA3F00395A0B /* Assets.xcassets */ = {isa = PBXFileReference; lastKnownFileType = folder.assetcatalog; path = Assets.xcassets; sourceTree = "<group>"; };
		033CE1AA1D3BAA3F00395A0B /* Base */ = {isa = PBXFileReference; lastKnownFileType = file.storyboard; name = Base; path = Base.lproj/LaunchScreen.storyboard; sourceTree = "<group>"; };
		033CE1AC1D3BAA3F00395A0B /* Info.plist */ = {isa = PBXFileReference; lastKnownFileType = text.plist.xml; path = Info.plist; sourceTree = "<group>"; };
		033CE1B11D3BAA3F00395A0B /* PokeGearTests.xctest */ = {isa = PBXFileReference; explicitFileType = wrapper.cfbundle; includeInIndex = 0; path = PokeGearTests.xctest; sourceTree = BUILT_PRODUCTS_DIR; };
		033CE1B51D3BAA3F00395A0B /* PokeGearTests.swift */ = {isa = PBXFileReference; lastKnownFileType = sourcecode.swift; path = PokeGearTests.swift; sourceTree = "<group>"; };
		033CE1B71D3BAA3F00395A0B /* Info.plist */ = {isa = PBXFileReference; lastKnownFileType = text.plist.xml; path = Info.plist; sourceTree = "<group>"; };
		033CE1BC1D3BAA3F00395A0B /* PokeGearUITests.xctest */ = {isa = PBXFileReference; explicitFileType = wrapper.cfbundle; includeInIndex = 0; path = PokeGearUITests.xctest; sourceTree = BUILT_PRODUCTS_DIR; };
		033CE1C01D3BAA3F00395A0B /* PokeGearUITests.swift */ = {isa = PBXFileReference; lastKnownFileType = sourcecode.swift; path = PokeGearUITests.swift; sourceTree = "<group>"; };
		033CE1C21D3BAA3F00395A0B /* Info.plist */ = {isa = PBXFileReference; lastKnownFileType = text.plist.xml; path = Info.plist; sourceTree = "<group>"; };
		033CE1CE1D3BB0F000395A0B /* CustomTabBarController.swift */ = {isa = PBXFileReference; fileEncoding = 4; lastKnownFileType = sourcecode.swift; path = CustomTabBarController.swift; sourceTree = "<group>"; };
		033CE1D01D3BB16E00395A0B /* MapViewController.swift */ = {isa = PBXFileReference; fileEncoding = 4; lastKnownFileType = sourcecode.swift; path = MapViewController.swift; sourceTree = "<group>"; };
		03B11C641D3F24720097F60C /* Gif.swift */ = {isa = PBXFileReference; fileEncoding = 4; lastKnownFileType = sourcecode.swift; path = Gif.swift; sourceTree = "<group>"; };
		03B11C6A1D3FC4B00097F60C /* AutoCompleteTextField.swift */ = {isa = PBXFileReference; fileEncoding = 4; lastKnownFileType = sourcecode.swift; path = AutoCompleteTextField.swift; sourceTree = "<group>"; };
		03B11C6C1D3FCDF40097F60C /* pokemon.json */ = {isa = PBXFileReference; fileEncoding = 4; lastKnownFileType = text.json; path = pokemon.json; sourceTree = "<group>"; };
/* End PBXFileReference section */

/* Begin PBXFrameworksBuildPhase section */
		033CE19A1D3BAA3E00395A0B /* Frameworks */ = {
			isa = PBXFrameworksBuildPhase;
			buildActionMask = 2147483647;
			files = (
			);
			runOnlyForDeploymentPostprocessing = 0;
		};
		033CE1AE1D3BAA3F00395A0B /* Frameworks */ = {
			isa = PBXFrameworksBuildPhase;
			buildActionMask = 2147483647;
			files = (
			);
			runOnlyForDeploymentPostprocessing = 0;
		};
		033CE1B91D3BAA3F00395A0B /* Frameworks */ = {
			isa = PBXFrameworksBuildPhase;
			buildActionMask = 2147483647;
			files = (
			);
			runOnlyForDeploymentPostprocessing = 0;
		};
/* End PBXFrameworksBuildPhase section */

/* Begin PBXGroup section */
		030F1DD11D3C82E300FBCE05 /* PokedexControllers */ = {
			isa = PBXGroup;
			children = (
				033CE1D01D3BB16E00395A0B /* MapViewController.swift */,
				030F1DCB1D3C23F900FBCE05 /* PokedexController.swift */,
			);
			name = PokedexControllers;
			sourceTree = "<group>";
		};
		030F1DD61D3CA67100FBCE05 /* View */ = {
			isa = PBXGroup;
			children = (
				030F1DD91D3CC08300FBCE05 /* PokedexEntryCell.swift */,
			);
			name = View;
			sourceTree = "<group>";
		};
		030F1DDD1D3D67AD00FBCE05 /* Model */ = {
			isa = PBXGroup;
			children = (
				030F1DDB1D3D36A100FBCE05 /* PokedexEntry.swift */,
			);
			name = Model;
			sourceTree = "<group>";
		};
		030F1DDE1D3D67E400FBCE05 /* PokeCheckControllers */ = {
			isa = PBXGroup;
			children = (
				030F1DCF1D3C7CF800FBCE05 /* PokemonViewController.swift */,
				03B11C6A1D3FC4B00097F60C /* AutoCompleteTextField.swift */,
			);
			name = PokeCheckControllers;
			sourceTree = "<group>";
		};
		033CE1941D3BAA3E00395A0B = {
			isa = PBXGroup;
			children = (
				033CE19F1D3BAA3F00395A0B /* PokeGear */,
				033CE1B41D3BAA3F00395A0B /* PokeGearTests */,
				033CE1BF1D3BAA3F00395A0B /* PokeGearUITests */,
				033CE19E1D3BAA3E00395A0B /* Products */,
			);
			sourceTree = "<group>";
		};
		033CE19E1D3BAA3E00395A0B /* Products */ = {
			isa = PBXGroup;
			children = (
				033CE19D1D3BAA3E00395A0B /* PokeGear.app */,
				033CE1B11D3BAA3F00395A0B /* PokeGearTests.xctest */,
				033CE1BC1D3BAA3F00395A0B /* PokeGearUITests.xctest */,
			);
			name = Products;
			sourceTree = "<group>";
		};
		033CE19F1D3BAA3F00395A0B /* PokeGear */ = {
			isa = PBXGroup;
			children = (
				033CE1A01D3BAA3F00395A0B /* AppDelegate.swift */,
				03B11C641D3F24720097F60C /* Gif.swift */,
				030F1DD61D3CA67100FBCE05 /* View */,
				030F1DDD1D3D67AD00FBCE05 /* Model */,
				033CE1D21D3BB1CF00395A0B /* Controllers */,
				033CE1A41D3BAA3F00395A0B /* Main.storyboard */,
				033CE1A71D3BAA3F00395A0B /* Assets.xcassets */,
				033CE1A91D3BAA3F00395A0B /* LaunchScreen.storyboard */,
				033CE1AC1D3BAA3F00395A0B /* Info.plist */,
				03B11C6C1D3FCDF40097F60C /* pokemon.json */,
			);
			path = PokeGear;
			sourceTree = "<group>";
		};
		033CE1B41D3BAA3F00395A0B /* PokeGearTests */ = {
			isa = PBXGroup;
			children = (
				033CE1B51D3BAA3F00395A0B /* PokeGearTests.swift */,
				033CE1B71D3BAA3F00395A0B /* Info.plist */,
			);
			path = PokeGearTests;
			sourceTree = "<group>";
		};
		033CE1BF1D3BAA3F00395A0B /* PokeGearUITests */ = {
			isa = PBXGroup;
			children = (
				033CE1C01D3BAA3F00395A0B /* PokeGearUITests.swift */,
				033CE1C21D3BAA3F00395A0B /* Info.plist */,
			);
			path = PokeGearUITests;
			sourceTree = "<group>";
		};
		033CE1D21D3BB1CF00395A0B /* Controllers */ = {
			isa = PBXGroup;
			children = (
				033CE1CE1D3BB0F000395A0B /* CustomTabBarController.swift */,
				030F1DD11D3C82E300FBCE05 /* PokedexControllers */,
				030F1DDE1D3D67E400FBCE05 /* PokeCheckControllers */,
			);
			name = Controllers;
			sourceTree = "<group>";
		};
/* End PBXGroup section */

/* Begin PBXNativeTarget section */
		033CE19C1D3BAA3E00395A0B /* PokeGear */ = {
			isa = PBXNativeTarget;
			buildConfigurationList = 033CE1C51D3BAA3F00395A0B /* Build configuration list for PBXNativeTarget "PokeGear" */;
			buildPhases = (
				033CE1991D3BAA3E00395A0B /* Sources */,
				033CE19A1D3BAA3E00395A0B /* Frameworks */,
				033CE19B1D3BAA3E00395A0B /* Resources */,
			);
			buildRules = (
			);
			dependencies = (
			);
			name = PokeGear;
			productName = PokeGear;
			productReference = 033CE19D1D3BAA3E00395A0B /* PokeGear.app */;
			productType = "com.apple.product-type.application";
		};
		033CE1B01D3BAA3F00395A0B /* PokeGearTests */ = {
			isa = PBXNativeTarget;
			buildConfigurationList = 033CE1C81D3BAA3F00395A0B /* Build configuration list for PBXNativeTarget "PokeGearTests" */;
			buildPhases = (
				033CE1AD1D3BAA3F00395A0B /* Sources */,
				033CE1AE1D3BAA3F00395A0B /* Frameworks */,
				033CE1AF1D3BAA3F00395A0B /* Resources */,
			);
			buildRules = (
			);
			dependencies = (
				033CE1B31D3BAA3F00395A0B /* PBXTargetDependency */,
			);
			name = PokeGearTests;
			productName = PokeGearTests;
			productReference = 033CE1B11D3BAA3F00395A0B /* PokeGearTests.xctest */;
			productType = "com.apple.product-type.bundle.unit-test";
		};
		033CE1BB1D3BAA3F00395A0B /* PokeGearUITests */ = {
			isa = PBXNativeTarget;
			buildConfigurationList = 033CE1CB1D3BAA3F00395A0B /* Build configuration list for PBXNativeTarget "PokeGearUITests" */;
			buildPhases = (
				033CE1B81D3BAA3F00395A0B /* Sources */,
				033CE1B91D3BAA3F00395A0B /* Frameworks */,
				033CE1BA1D3BAA3F00395A0B /* Resources */,
			);
			buildRules = (
			);
			dependencies = (
				033CE1BE1D3BAA3F00395A0B /* PBXTargetDependency */,
			);
			name = PokeGearUITests;
			productName = PokeGearUITests;
			productReference = 033CE1BC1D3BAA3F00395A0B /* PokeGearUITests.xctest */;
			productType = "com.apple.product-type.bundle.ui-testing";
		};
/* End PBXNativeTarget section */

/* Begin PBXProject section */
		033CE1951D3BAA3E00395A0B /* Project object */ = {
			isa = PBXProject;
			attributes = {
				LastSwiftUpdateCheck = 0730;
				LastUpgradeCheck = 0810;
				ORGANIZATIONNAME = "Vetek Systems";
				TargetAttributes = {
					033CE19C1D3BAA3E00395A0B = {
						CreatedOnToolsVersion = 7.3.1;
						LastSwiftMigration = 0810;
					};
					033CE1B01D3BAA3F00395A0B = {
						CreatedOnToolsVersion = 7.3.1;
						LastSwiftMigration = 0810;
						TestTargetID = 033CE19C1D3BAA3E00395A0B;
					};
					033CE1BB1D3BAA3F00395A0B = {
						CreatedOnToolsVersion = 7.3.1;
						LastSwiftMigration = 0810;
						TestTargetID = 033CE19C1D3BAA3E00395A0B;
					};
				};
			};
			buildConfigurationList = 033CE1981D3BAA3E00395A0B /* Build configuration list for PBXProject "PokeGear" */;
			compatibilityVersion = "Xcode 3.2";
			developmentRegion = English;
			hasScannedForEncodings = 0;
			knownRegions = (
				en,
				Base,
			);
			mainGroup = 033CE1941D3BAA3E00395A0B;
			productRefGroup = 033CE19E1D3BAA3E00395A0B /* Products */;
			projectDirPath = "";
			projectRoot = "";
			targets = (
				033CE19C1D3BAA3E00395A0B /* PokeGear */,
				033CE1B01D3BAA3F00395A0B /* PokeGearTests */,
				033CE1BB1D3BAA3F00395A0B /* PokeGearUITests */,
			);
		};
/* End PBXProject section */

/* Begin PBXResourcesBuildPhase section */
		033CE19B1D3BAA3E00395A0B /* Resources */ = {
			isa = PBXResourcesBuildPhase;
			buildActionMask = 2147483647;
			files = (
				033CE1AB1D3BAA3F00395A0B /* LaunchScreen.storyboard in Resources */,
				03B11C6D1D3FCDF40097F60C /* pokemon.json in Resources */,
				033CE1A81D3BAA3F00395A0B /* Assets.xcassets in Resources */,
				033CE1A61D3BAA3F00395A0B /* Main.storyboard in Resources */,
			);
			runOnlyForDeploymentPostprocessing = 0;
		};
		033CE1AF1D3BAA3F00395A0B /* Resources */ = {
			isa = PBXResourcesBuildPhase;
			buildActionMask = 2147483647;
			files = (
			);
			runOnlyForDeploymentPostprocessing = 0;
		};
		033CE1BA1D3BAA3F00395A0B /* Resources */ = {
			isa = PBXResourcesBuildPhase;
			buildActionMask = 2147483647;
			files = (
			);
			runOnlyForDeploymentPostprocessing = 0;
		};
/* End PBXResourcesBuildPhase section */

/* Begin PBXSourcesBuildPhase section */
		033CE1991D3BAA3E00395A0B /* Sources */ = {
			isa = PBXSourcesBuildPhase;
			buildActionMask = 2147483647;
			files = (
				033CE1A11D3BAA3F00395A0B /* AppDelegate.swift in Sources */,
				030F1DD01D3C7CF800FBCE05 /* PokemonViewController.swift in Sources */,
				03B11C651D3F24720097F60C /* Gif.swift in Sources */,
				03B11C6B1D3FC4B00097F60C /* AutoCompleteTextField.swift in Sources */,
				030F1DDA1D3CC08300FBCE05 /* PokedexEntryCell.swift in Sources */,
				030F1DCC1D3C23F900FBCE05 /* PokedexController.swift in Sources */,
				033CE1CF1D3BB0F000395A0B /* CustomTabBarController.swift in Sources */,
				033CE1D11D3BB16E00395A0B /* MapViewController.swift in Sources */,
				030F1DDC1D3D36A100FBCE05 /* PokedexEntry.swift in Sources */,
			);
			runOnlyForDeploymentPostprocessing = 0;
		};
		033CE1AD1D3BAA3F00395A0B /* Sources */ = {
			isa = PBXSourcesBuildPhase;
			buildActionMask = 2147483647;
			files = (
				033CE1B61D3BAA3F00395A0B /* PokeGearTests.swift in Sources */,
			);
			runOnlyForDeploymentPostprocessing = 0;
		};
		033CE1B81D3BAA3F00395A0B /* Sources */ = {
			isa = PBXSourcesBuildPhase;
			buildActionMask = 2147483647;
			files = (
				033CE1C11D3BAA3F00395A0B /* PokeGearUITests.swift in Sources */,
			);
			runOnlyForDeploymentPostprocessing = 0;
		};
/* End PBXSourcesBuildPhase section */

/* Begin PBXTargetDependency section */
		033CE1B31D3BAA3F00395A0B /* PBXTargetDependency */ = {
			isa = PBXTargetDependency;
			target = 033CE19C1D3BAA3E00395A0B /* PokeGear */;
			targetProxy = 033CE1B21D3BAA3F00395A0B /* PBXContainerItemProxy */;
		};
		033CE1BE1D3BAA3F00395A0B /* PBXTargetDependency */ = {
			isa = PBXTargetDependency;
			target = 033CE19C1D3BAA3E00395A0B /* PokeGear */;
			targetProxy = 033CE1BD1D3BAA3F00395A0B /* PBXContainerItemProxy */;
		};
/* End PBXTargetDependency section */

/* Begin PBXVariantGroup section */
		033CE1A41D3BAA3F00395A0B /* Main.storyboard */ = {
			isa = PBXVariantGroup;
			children = (
				033CE1A51D3BAA3F00395A0B /* Base */,
			);
			name = Main.storyboard;
			sourceTree = "<group>";
		};
		033CE1A91D3BAA3F00395A0B /* LaunchScreen.storyboard */ = {
			isa = PBXVariantGroup;
			children = (
				033CE1AA1D3BAA3F00395A0B /* Base */,
			);
			name = LaunchScreen.storyboard;
			sourceTree = "<group>";
		};
/* End PBXVariantGroup section */

/* Begin XCBuildConfiguration section */
		033CE1C31D3BAA3F00395A0B /* Debug */ = {
			isa = XCBuildConfiguration;
			buildSettings = {
				ALWAYS_SEARCH_USER_PATHS = NO;
				CLANG_ANALYZER_NONNULL = YES;
				CLANG_CXX_LANGUAGE_STANDARD = "gnu++0x";
				CLANG_CXX_LIBRARY = "libc++";
				CLANG_ENABLE_MODULES = YES;
				CLANG_ENABLE_OBJC_ARC = YES;
				CLANG_WARN_BOOL_CONVERSION = YES;
				CLANG_WARN_CONSTANT_CONVERSION = YES;
				CLANG_WARN_DIRECT_OBJC_ISA_USAGE = YES_ERROR;
				CLANG_WARN_EMPTY_BODY = YES;
				CLANG_WARN_ENUM_CONVERSION = YES;
				CLANG_WARN_INFINITE_RECURSION = YES;
				CLANG_WARN_INT_CONVERSION = YES;
				CLANG_WARN_OBJC_ROOT_CLASS = YES_ERROR;
				CLANG_WARN_SUSPICIOUS_MOVE = YES;
				CLANG_WARN_UNREACHABLE_CODE = YES;
				CLANG_WARN__DUPLICATE_METHOD_MATCH = YES;
				"CODE_SIGN_IDENTITY[sdk=iphoneos*]" = "iPhone Developer";
				COPY_PHASE_STRIP = NO;
				DEBUG_INFORMATION_FORMAT = dwarf;
				ENABLE_STRICT_OBJC_MSGSEND = YES;
				ENABLE_TESTABILITY = YES;
				GCC_C_LANGUAGE_STANDARD = gnu99;
				GCC_DYNAMIC_NO_PIC = NO;
				GCC_NO_COMMON_BLOCKS = YES;
				GCC_OPTIMIZATION_LEVEL = 0;
				GCC_PREPROCESSOR_DEFINITIONS = (
					"DEBUG=1",
					"$(inherited)",
				);
				GCC_WARN_64_TO_32_BIT_CONVERSION = YES;
				GCC_WARN_ABOUT_RETURN_TYPE = YES_ERROR;
				GCC_WARN_UNDECLARED_SELECTOR = YES;
				GCC_WARN_UNINITIALIZED_AUTOS = YES_AGGRESSIVE;
				GCC_WARN_UNUSED_FUNCTION = YES;
				GCC_WARN_UNUSED_VARIABLE = YES;
				IPHONEOS_DEPLOYMENT_TARGET = 9.3;
				MTL_ENABLE_DEBUG_INFO = YES;
				ONLY_ACTIVE_ARCH = YES;
				SDKROOT = iphoneos;
				SWIFT_OPTIMIZATION_LEVEL = "-Onone";
			};
			name = Debug;
		};
		033CE1C41D3BAA3F00395A0B /* Release */ = {
			isa = XCBuildConfiguration;
			buildSettings = {
				ALWAYS_SEARCH_USER_PATHS = NO;
				CLANG_ANALYZER_NONNULL = YES;
				CLANG_CXX_LANGUAGE_STANDARD = "gnu++0x";
				CLANG_CXX_LIBRARY = "libc++";
				CLANG_ENABLE_MODULES = YES;
				CLANG_ENABLE_OBJC_ARC = YES;
				CLANG_WARN_BOOL_CONVERSION = YES;
				CLANG_WARN_CONSTANT_CONVERSION = YES;
				CLANG_WARN_DIRECT_OBJC_ISA_USAGE = YES_ERROR;
				CLANG_WARN_EMPTY_BODY = YES;
				CLANG_WARN_ENUM_CONVERSION = YES;
				CLANG_WARN_INFINITE_RECURSION = YES;
				CLANG_WARN_INT_CONVERSION = YES;
				CLANG_WARN_OBJC_ROOT_CLASS = YES_ERROR;
				CLANG_WARN_SUSPICIOUS_MOVE = YES;
				CLANG_WARN_UNREACHABLE_CODE = YES;
				CLANG_WARN__DUPLICATE_METHOD_MATCH = YES;
				"CODE_SIGN_IDENTITY[sdk=iphoneos*]" = "iPhone Developer";
				COPY_PHASE_STRIP = NO;
				DEBUG_INFORMATION_FORMAT = "dwarf-with-dsym";
				ENABLE_NS_ASSERTIONS = NO;
				ENABLE_STRICT_OBJC_MSGSEND = YES;
				GCC_C_LANGUAGE_STANDARD = gnu99;
				GCC_NO_COMMON_BLOCKS = YES;
				GCC_WARN_64_TO_32_BIT_CONVERSION = YES;
				GCC_WARN_ABOUT_RETURN_TYPE = YES_ERROR;
				GCC_WARN_UNDECLARED_SELECTOR = YES;
				GCC_WARN_UNINITIALIZED_AUTOS = YES_AGGRESSIVE;
				GCC_WARN_UNUSED_FUNCTION = YES;
				GCC_WARN_UNUSED_VARIABLE = YES;
				IPHONEOS_DEPLOYMENT_TARGET = 9.3;
				MTL_ENABLE_DEBUG_INFO = NO;
				SDKROOT = iphoneos;
				SWIFT_OPTIMIZATION_LEVEL = "-Owholemodule";
				VALIDATE_PRODUCT = YES;
			};
			name = Release;
		};
		033CE1C61D3BAA3F00395A0B /* Debug */ = {
			isa = XCBuildConfiguration;
			buildSettings = {
				ASSETCATALOG_COMPILER_APPICON_NAME = AppIcon;
				INFOPLIST_FILE = PokeGear/Info.plist;
				LD_RUNPATH_SEARCH_PATHS = "$(inherited) @executable_path/Frameworks";
				PRODUCT_BUNDLE_IDENTIFIER = com.VetekSystems.PokeGear;
				PRODUCT_NAME = "$(TARGET_NAME)";
				SWIFT_VERSION = 3.0;
			};
			name = Debug;
		};
		033CE1C71D3BAA3F00395A0B /* Release */ = {
			isa = XCBuildConfiguration;
			buildSettings = {
				ASSETCATALOG_COMPILER_APPICON_NAME = AppIcon;
				INFOPLIST_FILE = PokeGear/Info.plist;
				LD_RUNPATH_SEARCH_PATHS = "$(inherited) @executable_path/Frameworks";
				PRODUCT_BUNDLE_IDENTIFIER = com.VetekSystems.PokeGear;
				PRODUCT_NAME = "$(TARGET_NAME)";
				SWIFT_VERSION = 3.0;
			};
			name = Release;
		};
		033CE1C91D3BAA3F00395A0B /* Debug */ = {
			isa = XCBuildConfiguration;
			buildSettings = {
				BUNDLE_LOADER = "$(TEST_HOST)";
				INFOPLIST_FILE = PokeGearTests/Info.plist;
				LD_RUNPATH_SEARCH_PATHS = "$(inherited) @executable_path/Frameworks @loader_path/Frameworks";
				PRODUCT_BUNDLE_IDENTIFIER = com.VetekSystems.PokeGearTests;
				PRODUCT_NAME = "$(TARGET_NAME)";
				SWIFT_VERSION = 3.0;
				TEST_HOST = "$(BUILT_PRODUCTS_DIR)/PokeGear.app/PokeGear";
			};
			name = Debug;
		};
		033CE1CA1D3BAA3F00395A0B /* Release */ = {
			isa = XCBuildConfiguration;
			buildSettings = {
				BUNDLE_LOADER = "$(TEST_HOST)";
				INFOPLIST_FILE = PokeGearTests/Info.plist;
				LD_RUNPATH_SEARCH_PATHS = "$(inherited) @executable_path/Frameworks @loader_path/Frameworks";
				PRODUCT_BUNDLE_IDENTIFIER = com.VetekSystems.PokeGearTests;
				PRODUCT_NAME = "$(TARGET_NAME)";
				SWIFT_VERSION = 3.0;
				TEST_HOST = "$(BUILT_PRODUCTS_DIR)/PokeGear.app/PokeGear";
			};
			name = Release;
		};
		033CE1CC1D3BAA3F00395A0B /* Debug */ = {
			isa = XCBuildConfiguration;
			buildSettings = {
				INFOPLIST_FILE = PokeGearUITests/Info.plist;
				LD_RUNPATH_SEARCH_PATHS = "$(inherited) @executable_path/Frameworks @loader_path/Frameworks";
				PRODUCT_BUNDLE_IDENTIFIER = com.VetekSystems.PokeGearUITests;
				PRODUCT_NAME = "$(TARGET_NAME)";
				SWIFT_VERSION = 3.0;
				TEST_TARGET_NAME = PokeGear;
			};
			name = Debug;
		};
		033CE1CD1D3BAA3F00395A0B /* Release */ = {
			isa = XCBuildConfiguration;
			buildSettings = {
				INFOPLIST_FILE = PokeGearUITests/Info.plist;
				LD_RUNPATH_SEARCH_PATHS = "$(inherited) @executable_path/Frameworks @loader_path/Frameworks";
				PRODUCT_BUNDLE_IDENTIFIER = com.VetekSystems.PokeGearUITests;
				PRODUCT_NAME = "$(TARGET_NAME)";
				SWIFT_VERSION = 3.0;
				TEST_TARGET_NAME = PokeGear;
			};
			name = Release;
		};
/* End XCBuildConfiguration section */

/* Begin XCConfigurationList section */
		033CE1981D3BAA3E00395A0B /* Build configuration list for PBXProject "PokeGear" */ = {
			isa = XCConfigurationList;
			buildConfigurations = (
				033CE1C31D3BAA3F00395A0B /* Debug */,
				033CE1C41D3BAA3F00395A0B /* Release */,
			);
			defaultConfigurationIsVisible = 0;
			defaultConfigurationName = Release;
		};
		033CE1C51D3BAA3F00395A0B /* Build configuration list for PBXNativeTarget "PokeGear" */ = {
			isa = XCConfigurationList;
			buildConfigurations = (
				033CE1C61D3BAA3F00395A0B /* Debug */,
				033CE1C71D3BAA3F00395A0B /* Release */,
			);
			defaultConfigurationIsVisible = 0;
			defaultConfigurationName = Release;
		};
		033CE1C81D3BAA3F00395A0B /* Build configuration list for PBXNativeTarget "PokeGearTests" */ = {
			isa = XCConfigurationList;
			buildConfigurations = (
				033CE1C91D3BAA3F00395A0B /* Debug */,
				033CE1CA1D3BAA3F00395A0B /* Release */,
			);
			defaultConfigurationIsVisible = 0;
			defaultConfigurationName = Release;
		};
		033CE1CB1D3BAA3F00395A0B /* Build configuration list for PBXNativeTarget "PokeGearUITests" */ = {
			isa = XCConfigurationList;
			buildConfigurations = (
				033CE1CC1D3BAA3F00395A0B /* Debug */,
				033CE1CD1D3BAA3F00395A0B /* Release */,
			);
			defaultConfigurationIsVisible = 0;
			defaultConfigurationName = Release;
		};
/* End XCConfigurationList section */
	};
	rootObject = 033CE1951D3BAA3E00395A0B /* Project object */;
}
